
Microsoft Visual Studio Solution File, Format Version 12.00
# Visual Studio Version 17
VisualStudioVersion = 17.11.35222.181
MinimumVisualStudioVersion = 10.0.40219.1
Project("{FAE04EC0-301F-11D3-BF4B-00C04F79EFBC}") = "CalucatorGit", "CalucatorGit.csproj", "{130F1EE5-93F0-479B-B09D-BCCCC6154AF4}"
EndProject
Global
	GlobalSection(SolutionConfigurationPlatforms) = preSolution
		Debug|Any CPU = Debug|Any CPU
		Release|Any CPU = Release|Any CPU
	EndGlobalSection
	GlobalSection(ProjectConfigurationPlatforms) = postSolution
		{130F1EE5-93F0-479B-B09D-BCCCC6154AF4}.Debug|Any CPU.ActiveCfg = Debug|Any CPU
		{130F1EE5-93F0-479B-B09D-BCCCC6154AF4}.Debug|Any CPU.Build.0 = Debug|Any CPU
		{130F1EE5-93F0-479B-B09D-BCCCC6154AF4}.Release|Any CPU.ActiveCfg = Release|Any CPU
		{130F1EE5-93F0-479B-B09D-BCCCC6154AF4}.Release|Any CPU.Build.0 = Release|Any CPU
	EndGlobalSection
	GlobalSection(SolutionProperties) = preSolution
		HideSolutionNode = FALSE
	EndGlobalSection
	GlobalSection(ExtensibilityGlobals) = postSolution
		SolutionGuid = {A0802676-8DAF-43BC-9A21-492E85A0F3AB}
	EndGlobalSection
EndGlobal
